Microsoft Visual Studio Solution File, Format Version 12.00
# Visual Studio 15
VisualStudioVersion = 15.0.28307.1259
MinimumVisualStudioVersion = 10.0.40219.1
Project("{8BC9CEB8-8B4A-11D0-8D11-00A0C91BC942}") = "ALL_BUILD", "ALL_BUILD.vcxproj", "{5A8F64DC-1929-3D94-B2D4-E6865752DAFE}"
	ProjectSection(ProjectDependencies) = postProject
		{E281504E-6D81-3AEC-ADA4-4C691C4EBA9A} = {E281504E-6D81-3AEC-ADA4-4C691C4EBA9A}
		{0300FAD1-8E41-31A1-949B-8295A31C3D47} = {0300FAD1-8E41-31A1-949B-8295A31C3D47}
	EndProjectSection
EndProject
Project("{8BC9CEB8-8B4A-11D0-8D11-00A0C91BC942}") = "ZERO_CHECK", "ZERO_CHECK.vcxproj", "{E281504E-6D81-3AEC-ADA4-4C691C4EBA9A}"
EndProject
Project("{8BC9CEB8-8B4A-11D0-8D11-00A0C91BC942}") = "boids", "boids.vcxproj", "{0300FAD1-8E41-31A1-949B-8295A31C3D47}"
	ProjectSection(ProjectDependencies) = postProject
		{E281504E-6D81-3AEC-ADA4-4C691C4EBA9A} = {E281504E-6D81-3AEC-ADA4-4C691C4EBA9A}
	EndProjectSection
EndProject
Global
	GlobalSection(SolutionConfigurationPlatforms) = preSolution
		Debug|x64 = Debug|x64
		MinSizeRel|x64 = MinSizeRel|x64
		Release|x64 = Release|x64
		RelWithDebInfo|x64 = RelWithDebInfo|x64
	EndGlobalSection
	GlobalSection(ProjectConfigurationPlatforms) = postSolution
		{5A8F64DC-1929-3D94-B2D4-E6865752DAFE}.Debug|x64.ActiveCfg = Debug|x64
		{5A8F64DC-1929-3D94-B2D4-E6865752DAFE}.MinSizeRel|x64.ActiveCfg = MinSizeRel|x64
		{5A8F64DC-1929-3D94-B2D4-E6865752DAFE}.Release|x64.ActiveCfg = Release|x64
		{5A8F64DC-1929-3D94-B2D4-E6865752DAFE}.RelWithDebInfo|x64.ActiveCfg = RelWithDebInfo|x64
		{E281504E-6D81-3AEC-ADA4-4C691C4EBA9A}.Debug|x64.ActiveCfg = Debug|x64
		{E281504E-6D81-3AEC-ADA4-4C691C4EBA9A}.Debug|x64.Build.0 = Debug|x64
		{E281504E-6D81-3AEC-ADA4-4C691C4EBA9A}.MinSizeRel|x64.ActiveCfg = MinSizeRel|x64
		{E281504E-6D81-3AEC-ADA4-4C691C4EBA9A}.MinSizeRel|x64.Build.0 = MinSizeRel|x64
		{E281504E-6D81-3AEC-ADA4-4C691C4EBA9A}.Release|x64.ActiveCfg = Release|x64
		{E281504E-6D81-3AEC-ADA4-4C691C4EBA9A}.Release|x64.Build.0 = Release|x64
		{E281504E-6D81-3AEC-ADA4-4C691C4EBA9A}.RelWithDebInfo|x64.ActiveCfg = RelWithDebInfo|x64
		{E281504E-6D81-3AEC-ADA4-4C691C4EBA9A}.RelWithDebInfo|x64.Build.0 = RelWithDebInfo|x64
		{0300FAD1-8E41-31A1-949B-8295A31C3D47}.Debug|x64.ActiveCfg = Debug|x64
		{0300FAD1-8E41-31A1-949B-8295A31C3D47}.Debug|x64.Build.0 = Debug|x64
		{0300FAD1-8E41-31A1-949B-8295A31C3D47}.MinSizeRel|x64.ActiveCfg = MinSizeRel|x64
		{0300FAD1-8E41-31A1-949B-8295A31C3D47}.MinSizeRel|x64.Build.0 = MinSizeRel|x64
		{0300FAD1-8E41-31A1-949B-8295A31C3D47}.Release|x64.ActiveCfg = Release|x64
		{0300FAD1-8E41-31A1-949B-8295A31C3D47}.Release|x64.Build.0 = Release|x64
		{0300FAD1-8E41-31A1-949B-8295A31C3D47}.RelWithDebInfo|x64.ActiveCfg = RelWithDebInfo|x64
		{0300FAD1-8E41-31A1-949B-8295A31C3D47}.RelWithDebInfo|x64.Build.0 = RelWithDebInfo|x64
	EndGlobalSection
	GlobalSection(SolutionProperties) = preSolution
		HideSolutionNode = FALSE
	EndGlobalSection
	GlobalSection(ExtensibilityGlobals) = postSolution
		SolutionGuid = {6AE8BF32-AB35-37AA-BE05-10D555FD6C8D}
	EndGlobalSection
EndGlobal
